{
  "lockfileVersion": 1,
  "workspaces": {
    "": {
      "name": "@j4pp/backend",
      "dependencies": {
        "@hono/node-server": "^1.13.7",
        "@trpc/server": "^10.45.2",
        "hono": "^4.6.15",
        "zod": "^3.24.1",
      },
      "devDependencies": {
        "@types/node": "^20.11.17",
      },
    },
  },
  "packages": {
    "@hono/node-server": ["@hono/node-server@1.13.8", "", { "peerDependencies": { "hono": "^4" } }, "sha512-fsn8ucecsAXUoVxrUil0m13kOEq4mkX4/4QozCqmY+HpGfKl74OYSn8JcMA8GnG0ClfdRI4/ZSeG7zhFaVg+wg=="],

    "@trpc/server": ["@trpc/server@10.45.2", "", {}, "sha512-wOrSThNNE4HUnuhJG6PfDRp4L2009KDVxsd+2VYH8ro6o/7/jwYZ8Uu5j+VaW+mOmc8EHerHzGcdbGNQSAUPgg=="],

    "@types/node": ["@types/node@20.17.16", "", { "dependencies": { "undici-types": "~6.19.2" } }, "sha512-vOTpLduLkZXePLxHiHsBLp98mHGnl8RptV4YAO3HfKO5UHjDvySGbxKtpYfy8Sx5+WKcgc45qNreJJRVM3L6mw=="],

    "hono": ["hono@4.6.20", "", {}, "sha512-5qfNQeaIptMaJKyoJ6N/q4gIq0DBp2FCRaLNuUI3LlJKL4S37DY/rLL1uAxA4wrPB39tJ3s+f7kgI79O4ScSug=="],

    "undici-types": ["undici-types@6.19.8", "", {}, "sha512-ve2KP6f/JnbPBFyobGHuerC9g1FYGn/F8n1LWTwNxCEzd6IfqTwUQcNXgEtmmQ6DlRrC1hrSrBnCZPokRrDHjw=="],

    "zod": ["zod@3.24.1", "", {}, "sha512-muH7gBL9sI1nciMZV67X5fTKKBLtwpZ5VBp1vsOQzj1MhrBZ4wlVCm3gedKZWLp0Oyel8sIGfeiz54Su+OVT+A=="],
  }
}
